
Microsoft Visual Studio Solution File, Format Version 12.00
# Visual Studio Version 16
VisualStudioVersion = 16.0.31205.134
MinimumVisualStudioVersion = 10.0.40219.1
Project("{FAE04EC0-301F-11D3-BF4B-00C04F79EFBC}") = "WPSmsBkpConverter", "WPSmsBkpConverter\WPSmsBkpConverter.csproj", "{78B72326-91B0-44FB-BAD1-A99D6EBEEF08}"
EndProject
Global
	GlobalSection(SolutionConfigurationPlatforms) = preSolution
		Debug|Any CPU = Debug|Any CPU
		Release|Any CPU = Release|Any CPU
	EndGlobalSection
	GlobalSection(ProjectConfigurationPlatforms) = postSolution
		{78B72326-91B0-44FB-BAD1-A99D6EBEEF08}.Debug|Any CPU.ActiveCfg = Debug|Any CPU
		{78B72326-91B0-44FB-BAD1-A99D6EBEEF08}.Debug|Any CPU.Build.0 = Debug|Any CPU
		{78B72326-91B0-44FB-BAD1-A99D6EBEEF08}.Release|Any CPU.ActiveCfg = Release|Any CPU
		{78B72326-91B0-44FB-BAD1-A99D6EBEEF08}.Release|Any CPU.Build.0 = Release|Any CPU
	EndGlobalSection
	GlobalSection(SolutionProperties) = preSolution
		HideSolutionNode = FALSE
	EndGlobalSection
	GlobalSection(ExtensibilityGlobals) = postSolution
		SolutionGuid = {4A7931BF-A539-485E-8C1B-A61163D3BBB4}
	EndGlobalSection
EndGlobal
